// !$*UTF8*$!
{
	archiveVersion = 1;
	classes = {
	};
	objectVersion = 77;
	objects = {

/* Begin PBXBuildFile section */
		27CDA90F2CF520BB00247673 /* Alamofire in Frameworks */ = {isa = PBXBuildFile; productRef = 27CDA90E2CF520BB00247673 /* Alamofire */; };
/* End PBXBuildFile section */

/* Begin PBXContainerItemProxy section */
		274DB7392CF512E000CC2669 /* PBXContainerItemProxy */ = {
			isa = PBXContainerItemProxy;
			containerPortal = 274DB7202CF512DD00CC2669 /* Project object */;
			proxyType = 1;
			remoteGlobalIDString = 274DB7272CF512DD00CC2669;
			remoteInfo = EXAMENMOVILES;
		};
		274DB7432CF512E000CC2669 /* PBXContainerItemProxy */ = {
			isa = PBXContainerItemProxy;
			containerPortal = 274DB7202CF512DD00CC2669 /* Project object */;
			proxyType = 1;
			remoteGlobalIDString = 274DB7272CF512DD00CC2669;
			remoteInfo = EXAMENMOVILES;
		};
/* End PBXContainerItemProxy section */

/* Begin PBXFileReference section */
		274DB7282CF512DD00CC2669 /* EXAMENMOVILES.app */ = {isa = PBXFileReference; explicitFileType = wrapper.application; includeInIndex = 0; path = EXAMENMOVILES.app; sourceTree = BUILT_PRODUCTS_DIR; };
		274DB7382CF512E000CC2669 /* EXAMENMOVILESTests.xctest */ = {isa = PBXFileReference; explicitFileType = wrapper.cfbundle; includeInIndex = 0; path = EXAMENMOVILESTests.xctest; sourceTree = BUILT_PRODUCTS_DIR; };
		274DB7422CF512E000CC2669 /* EXAMENMOVILESUITests.xctest */ = {isa = PBXFileReference; explicitFileType = wrapper.cfbundle; includeInIndex = 0; path = EXAMENMOVILESUITests.xctest; sourceTree = BUILT_PRODUCTS_DIR; };
/* End PBXFileReference section */

/* Begin PBXFileSystemSynchronizedRootGroup section */
		274DB72A2CF512DD00CC2669 /* EXAMENMOVILES */ = {
			isa = PBXFileSystemSynchronizedRootGroup;
			path = EXAMENMOVILES;
			sourceTree = "<group>";
		};
		274DB73B2CF512E000CC2669 /* EXAMENMOVILESTests */ = {
			isa = PBXFileSystemSynchronizedRootGroup;
			path = EXAMENMOVILESTests;
			sourceTree = "<group>";
		};
		274DB7452CF512E000CC2669 /* EXAMENMOVILESUITests */ = {
			isa = PBXFileSystemSynchronizedRootGroup;
			path = EXAMENMOVILESUITests;
			sourceTree = "<group>";
		};
/* End PBXFileSystemSynchronizedRootGroup section */

/* Begin PBXFrameworksBuildPhase section */
		274DB7252CF512DD00CC2669 /* Frameworks */ = {
			isa = PBXFrameworksBuildPhase;
			buildActionMask = 2147483647;
			files = (
				27CDA90F2CF520BB00247673 /* Alamofire in Frameworks */,
			);
			runOnlyForDeploymentPostprocessing = 0;
		};
		274DB7352CF512E000CC2669 /* Frameworks */ = {
			isa = PBXFrameworksBuildPhase;
			buildActionMask = 2147483647;
			files = (
			);
			runOnlyForDeploymentPostprocessing = 0;
		};
		274DB73F2CF512E000CC2669 /* Frameworks */ = {
			isa = PBXFrameworksBuildPhase;
			buildActionMask = 2147483647;
			files = (
			);
			runOnlyForDeploymentPostprocessing = 0;
		};
/* End PBXFrameworksBuildPhase section */

/* Begin PBXGroup section */
		274DB71F2CF512DD00CC2669 = {
			isa = PBXGroup;
			children = (
				274DB72A2CF512DD00CC2669 /* EXAMENMOVILES */,
				274DB73B2CF512E000CC2669 /* EXAMENMOVILESTests */,
				274DB7452CF512E000CC2669 /* EXAMENMOVILESUITests */,
				274DB7292CF512DD00CC2669 /* Products */,
			);
			sourceTree = "<group>";
		};
		274DB7292CF512DD00CC2669 /* Products */ = {
			isa = PBXGroup;
			children = (
				274DB7282CF512DD00CC2669 /* EXAMENMOVILES.app */,
				274DB7382CF512E000CC2669 /* EXAMENMOVILESTests.xctest */,
				274DB7422CF512E000CC2669 /* EXAMENMOVILESUITests.xctest */,
			);
			name = Products;
			sourceTree = "<group>";
		};
/* End PBXGroup section */

/* Begin PBXNativeTarget section */
		274DB7272CF512DD00CC2669 /* EXAMENMOVILES */ = {
			isa = PBXNativeTarget;
			buildConfigurationList = 274DB74C2CF512E000CC2669 /* Build configuration list for PBXNativeTarget "EXAMENMOVILES" */;
			buildPhases = (
				274DB7242CF512DD00CC2669 /* Sources */,
				274DB7252CF512DD00CC2669 /* Frameworks */,
				274DB7262CF512DD00CC2669 /* Resources */,
			);
			buildRules = (
			);
			dependencies = (
			);
			fileSystemSynchronizedGroups = (
				274DB72A2CF512DD00CC2669 /* EXAMENMOVILES */,
			);
			name = EXAMENMOVILES;
			packageProductDependencies = (
				27CDA90E2CF520BB00247673 /* Alamofire */,
			);
			productName = EXAMENMOVILES;
			productReference = 274DB7282CF512DD00CC2669 /* EXAMENMOVILES.app */;
			productType = "com.apple.product-type.application";
		};
		274DB7372CF512E000CC2669 /* EXAMENMOVILESTests */ = {
			isa = PBXNativeTarget;
			buildConfigurationList = 274DB74F2CF512E000CC2669 /* Build configuration list for PBXNativeTarget "EXAMENMOVILESTests" */;
			buildPhases = (
				274DB7342CF512E000CC2669 /* Sources */,
				274DB7352CF512E000CC2669 /* Frameworks */,
				274DB7362CF512E000CC2669 /* Resources */,
			);
			buildRules = (
			);
			dependencies = (
				274DB73A2CF512E000CC2669 /* PBXTargetDependency */,
			);
			fileSystemSynchronizedGroups = (
				274DB73B2CF512E000CC2669 /* EXAMENMOVILESTests */,
			);
			name = EXAMENMOVILESTests;
			packageProductDependencies = (
			);
			productName = EXAMENMOVILESTests;
			productReference = 274DB7382CF512E000CC2669 /* EXAMENMOVILESTests.xctest */;
			productType = "com.apple.product-type.bundle.unit-test";
		};
		274DB7412CF512E000CC2669 /* EXAMENMOVILESUITests */ = {
			isa = PBXNativeTarget;
			buildConfigurationList = 274DB7522CF512E000CC2669 /* Build configuration list for PBXNativeTarget "EXAMENMOVILESUITests" */;
			buildPhases = (
				274DB73E2CF512E000CC2669 /* Sources */,
				274DB73F2CF512E000CC2669 /* Frameworks */,
				274DB7402CF512E000CC2669 /* Resources */,
			);
			buildRules = (
			);
			dependencies = (
				274DB7442CF512E000CC2669 /* PBXTargetDependency */,
			);
			fileSystemSynchronizedGroups = (
				274DB7452CF512E000CC2669 /* EXAMENMOVILESUITests */,
			);
			name = EXAMENMOVILESUITests;
			packageProductDependencies = (
			);
			productName = EXAMENMOVILESUITests;
			productReference = 274DB7422CF512E000CC2669 /* EXAMENMOVILESUITests.xctest */;
			productType = "com.apple.product-type.bundle.ui-testing";
		};
/* End PBXNativeTarget section */

/* Begin PBXProject section */
		274DB7202CF512DD00CC2669 /* Project object */ = {
			isa = PBXProject;
			attributes = {
				BuildIndependentTargetsInParallel = 1;
				LastSwiftUpdateCheck = 1610;
				LastUpgradeCheck = 1610;
				TargetAttributes = {
					274DB7272CF512DD00CC2669 = {
						CreatedOnToolsVersion = 16.1;
					};
					274DB7372CF512E000CC2669 = {
						CreatedOnToolsVersion = 16.1;
						TestTargetID = 274DB7272CF512DD00CC2669;
					};
					274DB7412CF512E000CC2669 = {
						CreatedOnToolsVersion = 16.1;
						TestTargetID = 274DB7272CF512DD00CC2669;
					};
				};
			};
			buildConfigurationList = 274DB7232CF512DD00CC2669 /* Build configuration list for PBXProject "EXAMENMOVILES" */;
			developmentRegion = en;
			hasScannedForEncodings = 0;
			knownRegions = (
				en,
				Base,
			);
			mainGroup = 274DB71F2CF512DD00CC2669;
			minimizedProjectReferenceProxies = 1;
			packageReferences = (
				27CDA90D2CF520BB00247673 /* XCRemoteSwiftPackageReference "Alamofire" */,
			);
			preferredProjectObjectVersion = 77;
			productRefGroup = 274DB7292CF512DD00CC2669 /* Products */;
			projectDirPath = "";
			projectRoot = "";
			targets = (
				274DB7272CF512DD00CC2669 /* EXAMENMOVILES */,
				274DB7372CF512E000CC2669 /* EXAMENMOVILESTests */,
				274DB7412CF512E000CC2669 /* EXAMENMOVILESUITests */,
			);
		};
/* End PBXProject section */

/* Begin PBXResourcesBuildPhase section */
		274DB7262CF512DD00CC2669 /* Resources */ = {
			isa = PBXResourcesBuildPhase;
			buildActionMask = 2147483647;
			files = (
			);
			runOnlyForDeploymentPostprocessing = 0;
		};
		274DB7362CF512E000CC2669 /* Resources */ = {
			isa = PBXResourcesBuildPhase;
			buildActionMask = 2147483647;
			files = (
			);
			runOnlyForDeploymentPostprocessing = 0;
		};
		274DB7402CF512E000CC2669 /* Resources */ = {
			isa = PBXResourcesBuildPhase;
			buildActionMask = 2147483647;
			files = (
			);
			runOnlyForDeploymentPostprocessing = 0;
		};
/* End PBXResourcesBuildPhase section */

/* Begin PBXSourcesBuildPhase section */
		274DB7242CF512DD00CC2669 /* Sources */ = {
			isa = PBXSourcesBuildPhase;
			buildActionMask = 2147483647;
			files = (
			);
			runOnlyForDeploymentPostprocessing = 0;
		};
		274DB7342CF512E000CC2669 /* Sources */ = {
			isa = PBXSourcesBuildPhase;
			buildActionMask = 2147483647;
			files = (
			);
			runOnlyForDeploymentPostprocessing = 0;
		};
		274DB73E2CF512E000CC2669 /* Sources */ = {
			isa = PBXSourcesBuildPhase;
			buildActionMask = 2147483647;
			files = (
			);
			runOnlyForDeploymentPostprocessing = 0;
		};
/* End PBXSourcesBuildPhase section */

/* Begin PBXTargetDependency section */
		274DB73A2CF512E000CC2669 /* PBXTargetDependency */ = {
			isa = PBXTargetDependency;
			target = 274DB7272CF512DD00CC2669 /* EXAMENMOVILES */;
			targetProxy = 274DB7392CF512E000CC2669 /* PBXContainerItemProxy */;
		};
		274DB7442CF512E000CC2669 /* PBXTargetDependency */ = {
			isa = PBXTargetDependency;
			target = 274DB7272CF512DD00CC2669 /* EXAMENMOVILES */;
			targetProxy = 274DB7432CF512E000CC2669 /* PBXContainerItemProxy */;
		};
/* End PBXTargetDependency section */

/* Begin XCBuildConfiguration section */
		274DB74A2CF512E000CC2669 /* Debug */ = {
			isa = XCBuildConfiguration;
			buildSettings = {
				ALWAYS_SEARCH_USER_PATHS = NO;
				ASSETCATALOG_COMPILER_GENERATE_SWIFT_ASSET_SYMBOL_EXTENSIONS = YES;
				CLANG_ANALYZER_NONNULL = YES;
				CLANG_ANALYZER_NUMBER_OBJECT_CONVERSION = YES_AGGRESSIVE;
				CLANG_CXX_LANGUAGE_STANDARD = "gnu++20";
				CLANG_ENABLE_MODULES = YES;
				CLANG_ENABLE_OBJC_ARC = YES;
				CLANG_ENABLE_OBJC_WEAK = YES;
				CLANG_WARN_BLOCK_CAPTURE_AUTORELEASING = YES;
				CLANG_WARN_BOOL_CONVERSION = YES;
				CLANG_WARN_COMMA = YES;
				CLANG_WARN_CONSTANT_CONVERSION = YES;
				CLANG_WARN_DEPRECATED_OBJC_IMPLEMENTATIONS = YES;
				CLANG_WARN_DIRECT_OBJC_ISA_USAGE = YES_ERROR;
				CLANG_WARN_DOCUMENTATION_COMMENTS = YES;
				CLANG_WARN_EMPTY_BODY = YES;
				CLANG_WARN_ENUM_CONVERSION = YES;
				CLANG_WARN_INFINITE_RECURSION = YES;
				CLANG_WARN_INT_CONVERSION = YES;
				CLANG_WARN_NON_LITERAL_NULL_CONVERSION = YES;
				CLANG_WARN_OBJC_IMPLICIT_RETAIN_SELF = YES;
				CLANG_WARN_OBJC_LITERAL_CONVERSION = YES;
				CLANG_WARN_OBJC_ROOT_CLASS = YES_ERROR;
				CLANG_WARN_QUOTED_INCLUDE_IN_FRAMEWORK_HEADER = YES;
				CLANG_WARN_RANGE_LOOP_ANALYSIS = YES;
				CLANG_WARN_STRICT_PROTOTYPES = YES;
				CLANG_WARN_SUSPICIOUS_MOVE = YES;
				CLANG_WARN_UNGUARDED_AVAILABILITY = YES_AGGRESSIVE;
				CLANG_WARN_UNREACHABLE_CODE = YES;
				CLANG_WARN__DUPLICATE_METHOD_MATCH = YES;
				COPY_PHASE_STRIP = NO;
				DEBUG_INFORMATION_FORMAT = dwarf;
				ENABLE_STRICT_OBJC_MSGSEND = YES;
				ENABLE_TESTABILITY = YES;
				ENABLE_USER_SCRIPT_SANDBOXING = YES;
				GCC_C_LANGUAGE_STANDARD = gnu17;
				GCC_DYNAMIC_NO_PIC = NO;
				GCC_NO_COMMON_BLOCKS = YES;
				GCC_OPTIMIZATION_LEVEL = 0;
				GCC_PREPROCESSOR_DEFINITIONS = (
					"DEBUG=1",
					"$(inherited)",
				);
				GCC_WARN_64_TO_32_BIT_CONVERSION = YES;
				GCC_WARN_ABOUT_RETURN_TYPE = YES_ERROR;
				GCC_WARN_UNDECLARED_SELECTOR = YES;
				GCC_WARN_UNINITIALIZED_AUTOS = YES_AGGRESSIVE;
				GCC_WARN_UNUSED_FUNCTION = YES;
				GCC_WARN_UNUSED_VARIABLE = YES;
				IPHONEOS_DEPLOYMENT_TARGET = 18.1;
				LOCALIZATION_PREFERS_STRING_CATALOGS = YES;
				MTL_ENABLE_DEBUG_INFO = INCLUDE_SOURCE;
				MTL_FAST_MATH = YES;
				ONLY_ACTIVE_ARCH = YES;
				SDKROOT = iphoneos;
				SWIFT_ACTIVE_COMPILATION_CONDITIONS = "DEBUG $(inherited)";
				SWIFT_OPTIMIZATION_LEVEL = "-Onone";
			};
			name = Debug;
		};
		274DB74B2CF512E000CC2669 /* Release */ = {
			isa = XCBuildConfiguration;
			buildSettings = {
				ALWAYS_SEARCH_USER_PATHS = NO;
				ASSETCATALOG_COMPILER_GENERATE_SWIFT_ASSET_SYMBOL_EXTENSIONS = YES;
				CLANG_ANALYZER_NONNULL = YES;
				CLANG_ANALYZER_NUMBER_OBJECT_CONVERSION = YES_AGGRESSIVE;
				CLANG_CXX_LANGUAGE_STANDARD = "gnu++20";
				CLANG_ENABLE_MODULES = YES;
				CLANG_ENABLE_OBJC_ARC = YES;
				CLANG_ENABLE_OBJC_WEAK = YES;
				CLANG_WARN_BLOCK_CAPTURE_AUTORELEASING = YES;
				CLANG_WARN_BOOL_CONVERSION = YES;
				CLANG_WARN_COMMA = YES;
				CLANG_WARN_CONSTANT_CONVERSION = YES;
				CLANG_WARN_DEPRECATED_OBJC_IMPLEMENTATIONS = YES;
				CLANG_WARN_DIRECT_OBJC_ISA_USAGE = YES_ERROR;
				CLANG_WARN_DOCUMENTATION_COMMENTS = YES;
				CLANG_WARN_EMPTY_BODY = YES;
				CLANG_WARN_ENUM_CONVERSION = YES;
				CLANG_WARN_INFINITE_RECURSION = YES;
				CLANG_WARN_INT_CONVERSION = YES;
				CLANG_WARN_NON_LITERAL_NULL_CONVERSION = YES;
				CLANG_WARN_OBJC_IMPLICIT_RETAIN_SELF = YES;
				CLANG_WARN_OBJC_LITERAL_CONVERSION = YES;
				CLANG_WARN_OBJC_ROOT_CLASS = YES_ERROR;
				CLANG_WARN_QUOTED_INCLUDE_IN_FRAMEWORK_HEADER = YES;
				CLANG_WARN_RANGE_LOOP_ANALYSIS = YES;
				CLANG_WARN_STRICT_PROTOTYPES = YES;
				CLANG_WARN_SUSPICIOUS_MOVE = YES;
				CLANG_WARN_UNGUARDED_AVAILABILITY = YES_AGGRESSIVE;
				CLANG_WARN_UNREACHABLE_CODE = YES;
				CLANG_WARN__DUPLICATE_METHOD_MATCH = YES;
				COPY_PHASE_STRIP = NO;
				DEBUG_INFORMATION_FORMAT = "dwarf-with-dsym";
				ENABLE_NS_ASSERTIONS = NO;
				ENABLE_STRICT_OBJC_MSGSEND = YES;
				ENABLE_USER_SCRIPT_SANDBOXING = YES;
				GCC_C_LANGUAGE_STANDARD = gnu17;
				GCC_NO_COMMON_BLOCKS = YES;
				GCC_WARN_64_TO_32_BIT_CONVERSION = YES;
				GCC_WARN_ABOUT_RETURN_TYPE = YES_ERROR;
				GCC_WARN_UNDECLARED_SELECTOR = YES;
				GCC_WARN_UNINITIALIZED_AUTOS = YES_AGGRESSIVE;
				GCC_WARN_UNUSED_FUNCTION = YES;
				GCC_WARN_UNUSED_VARIABLE = YES;
				IPHONEOS_DEPLOYMENT_TARGET = 18.1;
				LOCALIZATION_PREFERS_STRING_CATALOGS = YES;
				MTL_ENABLE_DEBUG_INFO = NO;
				MTL_FAST_MATH = YES;
				SDKROOT = iphoneos;
				SWIFT_COMPILATION_MODE = wholemodule;
				VALIDATE_PRODUCT = YES;
			};
			name = Release;
		};
		274DB74D2CF512E000CC2669 /* Debug */ = {
			isa = XCBuildConfiguration;
			buildSettings = {
				ASSETCATALOG_COMPILER_APPICON_NAME = AppIcon;
				ASSETCATALOG_COMPILER_GLOBAL_ACCENT_COLOR_NAME = AccentColor;
				CODE_SIGN_STYLE = Automatic;
				CURRENT_PROJECT_VERSION = 1;
				DEVELOPMENT_ASSET_PATHS = "\"EXAMENMOVILES/Preview Content\"";
				DEVELOPMENT_TEAM = V73N9K3956;
				ENABLE_PREVIEWS = YES;
				GENERATE_INFOPLIST_FILE = YES;
				INFOPLIST_KEY_UIApplicationSceneManifest_Generation = YES;
				INFOPLIST_KEY_UIApplicationSupportsIndirectInputEvents = YES;
				INFOPLIST_KEY_UILaunchScreen_Generation = YES;
				INFOPLIST_KEY_UISupportedInterfaceOrientations_iPad = "UIInterfaceOrientationPortrait UIInterfaceOrientationPortraitUpsideDown UIInterfaceOrientationLandscapeLeft UIInterfaceOrientationLandscapeRight";
				INFOPLIST_KEY_UISupportedInterfaceOrientations_iPhone = "UIInterfaceOrientationPortrait UIInterfaceOrientationLandscapeLeft UIInterfaceOrientationLandscapeRight";
				INFOPLIST_KEY_UIUserInterfaceStyle = Light;
				LD_RUNPATH_SEARCH_PATHS = (
					"$(inherited)",
					"@executable_path/Frameworks",
				);
				MARKETING_VERSION = 1.0;
				PRODUCT_BUNDLE_IDENTIFIER = com.mike241104.EXAMENMOVILES;
				PRODUCT_NAME = "$(TARGET_NAME)";
				SWIFT_EMIT_LOC_STRINGS = YES;
				SWIFT_VERSION = 5.0;
				TARGETED_DEVICE_FAMILY = "1,2";
			};
			name = Debug;
		};
		274DB74E2CF512E000CC2669 /* Release */ = {
			isa = XCBuildConfiguration;
			buildSettings = {
				ASSETCATALOG_COMPILER_APPICON_NAME = AppIcon;
				ASSETCATALOG_COMPILER_GLOBAL_ACCENT_COLOR_NAME = AccentColor;
				CODE_SIGN_STYLE = Automatic;
				CURRENT_PROJECT_VERSION = 1;
				DEVELOPMENT_ASSET_PATHS = "\"EXAMENMOVILES/Preview Content\"";
				DEVELOPMENT_TEAM = V73N9K3956;
				ENABLE_PREVIEWS = YES;
				GENERATE_INFOPLIST_FILE = YES;
				INFOPLIST_KEY_UIApplicationSceneManifest_Generation = YES;
				INFOPLIST_KEY_UIApplicationSupportsIndirectInputEvents = YES;
				INFOPLIST_KEY_UILaunchScreen_Generation = YES;
				INFOPLIST_KEY_UISupportedInterfaceOrientations_iPad = "UIInterfaceOrientationPortrait UIInterfaceOrientationPortraitUpsideDown UIInterfaceOrientationLandscapeLeft UIInterfaceOrientationLandscapeRight";
				INFOPLIST_KEY_UISupportedInterfaceOrientations_iPhone = "UIInterfaceOrientationPortrait UIInterfaceOrientationLandscapeLeft UIInterfaceOrientationLandscapeRight";
				INFOPLIST_KEY_UIUserInterfaceStyle = Light;
				LD_RUNPATH_SEARCH_PATHS = (
					"$(inherited)",
					"@executable_path/Frameworks",
				);
				MARKETING_VERSION = 1.0;
				PRODUCT_BUNDLE_IDENTIFIER = com.mike241104.EXAMENMOVILES;
				PRODUCT_NAME = "$(TARGET_NAME)";
				SWIFT_EMIT_LOC_STRINGS = YES;
				SWIFT_VERSION = 5.0;
				TARGETED_DEVICE_FAMILY = "1,2";
			};
			name = Release;
		};
		274DB7502CF512E000CC2669 /* Debug */ = {
			isa = XCBuildConfiguration;
			buildSettings = {
				BUNDLE_LOADER = "$(TEST_HOST)";
				CODE_SIGN_STYLE = Automatic;
				CURRENT_PROJECT_VERSION = 1;
				DEVELOPMENT_TEAM = V73N9K3956;
				GENERATE_INFOPLIST_FILE = YES;
				IPHONEOS_DEPLOYMENT_TARGET = 18.1;
				MARKETING_VERSION = 1.0;
				PRODUCT_BUNDLE_IDENTIFIER = com.mike241104.EXAMENMOVILESTests;
				PRODUCT_NAME = "$(TARGET_NAME)";
				SWIFT_EMIT_LOC_STRINGS = NO;
				SWIFT_VERSION = 5.0;
				TARGETED_DEVICE_FAMILY = "1,2";
				TEST_HOST = "$(BUILT_PRODUCTS_DIR)/EXAMENMOVILES.app/$(BUNDLE_EXECUTABLE_FOLDER_PATH)/EXAMENMOVILES";
			};
			name = Debug;
		};
		274DB7512CF512E000CC2669 /* Release */ = {
			isa = XCBuildConfiguration;
			buildSettings = {
				BUNDLE_LOADER = "$(TEST_HOST)";
				CODE_SIGN_STYLE = Automatic;
				CURRENT_PROJECT_VERSION = 1;
				DEVELOPMENT_TEAM = V73N9K3956;
				GENERATE_INFOPLIST_FILE = YES;
				IPHONEOS_DEPLOYMENT_TARGET = 18.1;
				MARKETING_VERSION = 1.0;
				PRODUCT_BUNDLE_IDENTIFIER = com.mike241104.EXAMENMOVILESTests;
				PRODUCT_NAME = "$(TARGET_NAME)";
				SWIFT_EMIT_LOC_STRINGS = NO;
				SWIFT_VERSION = 5.0;
				TARGETED_DEVICE_FAMILY = "1,2";
				TEST_HOST = "$(BUILT_PRODUCTS_DIR)/EXAMENMOVILES.app/$(BUNDLE_EXECUTABLE_FOLDER_PATH)/EXAMENMOVILES";
			};
			name = Release;
		};
		274DB7532CF512E000CC2669 /* Debug */ = {
			isa = XCBuildConfiguration;
			buildSettings = {
				CODE_SIGN_STYLE = Automatic;
				CURRENT_PROJECT_VERSION = 1;
				DEVELOPMENT_TEAM = V73N9K3956;
				GENERATE_INFOPLIST_FILE = YES;
				MARKETING_VERSION = 1.0;
				PRODUCT_BUNDLE_IDENTIFIER = com.mike241104.EXAMENMOVILESUITests;
				PRODUCT_NAME = "$(TARGET_NAME)";
				SWIFT_EMIT_LOC_STRINGS = NO;
				SWIFT_VERSION = 5.0;
				TARGETED_DEVICE_FAMILY = "1,2";
				TEST_TARGET_NAME = EXAMENMOVILES;
			};
			name = Debug;
		};
		274DB7542CF512E000CC2669 /* Release */ = {
			isa = XCBuildConfiguration;
			buildSettings = {
				CODE_SIGN_STYLE = Automatic;
				CURRENT_PROJECT_VERSION = 1;
				DEVELOPMENT_TEAM = V73N9K3956;
				GENERATE_INFOPLIST_FILE = YES;
				MARKETING_VERSION = 1.0;
				PRODUCT_BUNDLE_IDENTIFIER = com.mike241104.EXAMENMOVILESUITests;
				PRODUCT_NAME = "$(TARGET_NAME)";
				SWIFT_EMIT_LOC_STRINGS = NO;
				SWIFT_VERSION = 5.0;
				TARGETED_DEVICE_FAMILY = "1,2";
				TEST_TARGET_NAME = EXAMENMOVILES;
			};
			name = Release;
		};
/* End XCBuildConfiguration section */

/* Begin XCConfigurationList section */
		274DB7232CF512DD00CC2669 /* Build configuration list for PBXProject "EXAMENMOVILES" */ = {
			isa = XCConfigurationList;
			buildConfigurations = (
				274DB74A2CF512E000CC2669 /* Debug */,
				274DB74B2CF512E000CC2669 /* Release */,
			);
			defaultConfigurationIsVisible = 0;
			defaultConfigurationName = Release;
		};
		274DB74C2CF512E000CC2669 /* Build configuration list for PBXNativeTarget "EXAMENMOVILES" */ = {
			isa = XCConfigurationList;
			buildConfigurations = (
				274DB74D2CF512E000CC2669 /* Debug */,
				274DB74E2CF512E000CC2669 /* Release */,
			);
			defaultConfigurationIsVisible = 0;
			defaultConfigurationName = Release;
		};
		274DB74F2CF512E000CC2669 /* Build configuration list for PBXNativeTarget "EXAMENMOVILESTests" */ = {
			isa = XCConfigurationList;
			buildConfigurations = (
				274DB7502CF512E000CC2669 /* Debug */,
				274DB7512CF512E000CC2669 /* Release */,
			);
			defaultConfigurationIsVisible = 0;
			defaultConfigurationName = Release;
		};
		274DB7522CF512E000CC2669 /* Build configuration list for PBXNativeTarget "EXAMENMOVILESUITests" */ = {
			isa = XCConfigurationList;
			buildConfigurations = (
				274DB7532CF512E000CC2669 /* Debug */,
				274DB7542CF512E000CC2669 /* Release */,
			);
			defaultConfigurationIsVisible = 0;
			defaultConfigurationName = Release;
		};
/* End XCConfigurationList section */

/* Begin XCRemoteSwiftPackageReference section */
		27CDA90D2CF520BB00247673 /* XCRemoteSwiftPackageReference "Alamofire" */ = {
			isa = XCRemoteSwiftPackageReference;
			repositoryURL = "https://github.com/Alamofire/Alamofire.git";
			requirement = {
				kind = upToNextMajorVersion;
				minimumVersion = 5.10.2;
			};
		};
/* End XCRemoteSwiftPackageReference section */

/* Begin XCSwiftPackageProductDependency section */
		27CDA90E2CF520BB00247673 /* Alamofire */ = {
			isa = XCSwiftPackageProductDependency;
			package = 27CDA90D2CF520BB00247673 /* XCRemoteSwiftPackageReference "Alamofire" */;
			productName = Alamofire;
		};
/* End XCSwiftPackageProductDependency section */
	};
	rootObject = 274DB7202CF512DD00CC2669 /* Project object */;
}
